PODS:
  - Alamofire (5.0.0)
  - Nimble (8.0.7)
  - NimbleRxTest (1.0.0):
    - Nimble
    - Quick
    - RxSwift
    - RxTest
  - Quick (2.2.0)
  - Realm (4.1.1):
    - Realm/Headers (= 4.1.1)
  - Realm/Headers (4.1.1)
  - RealmSwift (4.1.1):
    - Realm (= 4.1.1)
  - RxBlocking (5.1.1):
    - RxSwift (~> 5)
  - RxCocoa (5.1.1):
    - RxRelay (~> 5)
    - RxSwift (~> 5)
  - RxRelay (5.1.1):
    - RxSwift (~> 5)
  - RxSwift (5.1.1)
  - RxTest (5.1.1):
    - RxSwift (~> 5)

DEPENDENCIES:
  - Alamofire (= 5)
  - Nimble
  - NimbleRxTest
  - Quick
  - RealmSwift (= 4.1.1)
  - RxBlocking (~> 5)
  - RxCocoa (~> 5)
  - RxSwift (~> 5)
  - RxTest (~> 5)

SPEC REPOS:
  trunk:
    - Alamofire
    - Nimble
    - NimbleRxTest
    - Quick
    - Realm
    - RealmSwift
    - RxBlocking
    - RxCocoa
    - RxRelay
    - RxSwift
    - RxTest

SPEC CHECKSUMS:
  Alamofire: 58ff2bfb8daaacaa233d5c36e37b10a5248f59b1
  Nimble: a73af6ecd4c9106f434f3d55fc54570be3739e0b
  NimbleRxTest: e6506f022d48be91a224f2356735b5fb607aaa62
  Quick: 7fb19e13be07b5dfb3b90d4f9824c855a11af40e
  Realm: 25f0a8244cbb1c2271c922963ea8666fc2d8104d
  RealmSwift: 9e2657b33764f80e4a4dffd6d440e24715782052
  RxBlocking: 5f700a78cad61ce253ebd37c9a39b5ccc76477b4
  RxCocoa: 32065309a38d29b5b0db858819b5bf9ef038b601
  RxRelay: d77f7d771495f43c556cbc43eebd1bb54d01e8e9
  RxSwift: 81470a2074fa8780320ea5fe4102807cb7118178
  RxTest: 711632d5644dffbeb62c936a521b5b008a1e1faa

PODFILE CHECKSUM: fe92b92a97084049d54ace9c52d60339bc86aaf2

COCOAPODS: 1.8.4
